# This file is autogenerated, do not edit; changes may be undone by the next 'dep ensure'.


[[projects]]
  branch = "master"
  digest = "1:599d80b63bb62f933cd15b2002f256743d5c8dac8f96b11d75037e060990e421"
  name = "github.com/Al2Klimov/go-test-utils"
  packages = ["."]
  pruneopts = "UT"
  revision = "44f0ba1d39169640834ba2ef3a5d26658f5672b1"

[solve-meta]
  analyzer-name = "dep"
  analyzer-version = 1
  input-imports = ["github.com/Al2Klimov/go-test-utils"]
  solver-name = "gps-cdcl"
  solver-version = 1
